
Microsoft Visual Studio Solution File, Format Version 12.00
# Visual Studio Version 17
VisualStudioVersion = 17.12.35728.132 d17.12
MinimumVisualStudioVersion = 10.0.40219.1
Project("{FAE04EC0-301F-11D3-BF4B-00C04F79EFBC}") = "BackEnd_Нагорнов_А.В._ЛР2", "BackEnd_Нагорнов_А.В._ЛР2.csproj", "{210AB28B-C2DD-46D7-9CF8-B0C515AB540C}"
EndProject
Global
	GlobalSection(SolutionConfigurationPlatforms) = preSolution
		Debug|Any CPU = Debug|Any CPU
		Release|Any CPU = Release|Any CPU
	EndGlobalSection
	GlobalSection(ProjectConfigurationPlatforms) = postSolution
		{210AB28B-C2DD-46D7-9CF8-B0C515AB540C}.Debug|Any CPU.ActiveCfg = Debug|Any CPU
		{210AB28B-C2DD-46D7-9CF8-B0C515AB540C}.Debug|Any CPU.Build.0 = Debug|Any CPU
		{210AB28B-C2DD-46D7-9CF8-B0C515AB540C}.Release|Any CPU.ActiveCfg = Release|Any CPU
		{210AB28B-C2DD-46D7-9CF8-B0C515AB540C}.Release|Any CPU.Build.0 = Release|Any CPU
	EndGlobalSection
	GlobalSection(SolutionProperties) = preSolution
		HideSolutionNode = FALSE
	EndGlobalSection
EndGlobal
